
Microsoft Visual Studio Solution File, Format Version 12.00
# Visual Studio Version 16
VisualStudioVersion = 16.0.30114.105
MinimumVisualStudioVersion = 10.0.40219.1
Project("{2150E333-8FDC-42A3-9474-1A3956D46DE8}") = "src", "src", "{1A16B5E7-78A9-4406-856E-6E1C8A52D878}"
EndProject
Project("{FAE04EC0-301F-11D3-BF4B-00C04F79EFBC}") = "SimpleAPI", "src\SimpleAPI\SimpleAPI.csproj", "{7E07EE1A-5748-489D-8090-E290370081AC}"
EndProject
Project("{2150E333-8FDC-42A3-9474-1A3956D46DE8}") = "test", "test", "{5EF54EE5-4623-48A0-9F47-AA9FD6D511E5}"
EndProject
Project("{FAE04EC0-301F-11D3-BF4B-00C04F79EFBC}") = "SimpleAPI.test", "test\SimpleAPI.test\SimpleAPI.test.csproj", "{594587B4-7A8B-4EBA-A0CA-B5120B1EEB23}"
EndProject
Global
	GlobalSection(SolutionConfigurationPlatforms) = preSolution
		Debug|Any CPU = Debug|Any CPU
		Debug|x64 = Debug|x64
		Debug|x86 = Debug|x86
		Release|Any CPU = Release|Any CPU
		Release|x64 = Release|x64
		Release|x86 = Release|x86
	EndGlobalSection
	GlobalSection(SolutionProperties) = preSolution
		HideSolutionNode = FALSE
	EndGlobalSection
	GlobalSection(ProjectConfigurationPlatforms) = postSolution
		{7E07EE1A-5748-489D-8090-E290370081AC}.Debug|Any CPU.ActiveCfg = Debug|Any CPU
		{7E07EE1A-5748-489D-8090-E290370081AC}.Debug|Any CPU.Build.0 = Debug|Any CPU
		{7E07EE1A-5748-489D-8090-E290370081AC}.Debug|x64.ActiveCfg = Debug|Any CPU
		{7E07EE1A-5748-489D-8090-E290370081AC}.Debug|x64.Build.0 = Debug|Any CPU
		{7E07EE1A-5748-489D-8090-E290370081AC}.Debug|x86.ActiveCfg = Debug|Any CPU
		{7E07EE1A-5748-489D-8090-E290370081AC}.Debug|x86.Build.0 = Debug|Any CPU
		{7E07EE1A-5748-489D-8090-E290370081AC}.Release|Any CPU.ActiveCfg = Release|Any CPU
		{7E07EE1A-5748-489D-8090-E290370081AC}.Release|Any CPU.Build.0 = Release|Any CPU
		{7E07EE1A-5748-489D-8090-E290370081AC}.Release|x64.ActiveCfg = Release|Any CPU
		{7E07EE1A-5748-489D-8090-E290370081AC}.Release|x64.Build.0 = Release|Any CPU
		{7E07EE1A-5748-489D-8090-E290370081AC}.Release|x86.ActiveCfg = Release|Any CPU
		{7E07EE1A-5748-489D-8090-E290370081AC}.Release|x86.Build.0 = Release|Any CPU
		{594587B4-7A8B-4EBA-A0CA-B5120B1EEB23}.Debug|Any CPU.ActiveCfg = Debug|Any CPU
		{594587B4-7A8B-4EBA-A0CA-B5120B1EEB23}.Debug|Any CPU.Build.0 = Debug|Any CPU
		{594587B4-7A8B-4EBA-A0CA-B5120B1EEB23}.Debug|x64.ActiveCfg = Debug|Any CPU
		{594587B4-7A8B-4EBA-A0CA-B5120B1EEB23}.Debug|x64.Build.0 = Debug|Any CPU
		{594587B4-7A8B-4EBA-A0CA-B5120B1EEB23}.Debug|x86.ActiveCfg = Debug|Any CPU
		{594587B4-7A8B-4EBA-A0CA-B5120B1EEB23}.Debug|x86.Build.0 = Debug|Any CPU
		{594587B4-7A8B-4EBA-A0CA-B5120B1EEB23}.Release|Any CPU.ActiveCfg = Release|Any CPU
		{594587B4-7A8B-4EBA-A0CA-B5120B1EEB23}.Release|Any CPU.Build.0 = Release|Any CPU
		{594587B4-7A8B-4EBA-A0CA-B5120B1EEB23}.Release|x64.ActiveCfg = Release|Any CPU
		{594587B4-7A8B-4EBA-A0CA-B5120B1EEB23}.Release|x64.Build.0 = Release|Any CPU
		{594587B4-7A8B-4EBA-A0CA-B5120B1EEB23}.Release|x86.ActiveCfg = Release|Any CPU
		{594587B4-7A8B-4EBA-A0CA-B5120B1EEB23}.Release|x86.Build.0 = Release|Any CPU
	EndGlobalSection
	GlobalSection(NestedProjects) = preSolution
		{7E07EE1A-5748-489D-8090-E290370081AC} = {1A16B5E7-78A9-4406-856E-6E1C8A52D878}
		{594587B4-7A8B-4EBA-A0CA-B5120B1EEB23} = {5EF54EE5-4623-48A0-9F47-AA9FD6D511E5}
	EndGlobalSection
EndGlobal
